
Microsoft Visual Studio Solution File, Format Version 12.00
# Visual Studio Version 16
VisualStudioVersion = 16.0.34601.136
MinimumVisualStudioVersion = 10.0.40219.1
Project("{FAE04EC0-301F-11D3-BF4B-00C04F79EFBC}") = "EmployeeManagement", "EmployeeManagement\EmployeeManagement.csproj", "{AEFCF675-B880-43F4-B25D-5260D8290CF8}"
EndProject
Global
	GlobalSection(SolutionConfigurationPlatforms) = preSolution
		Debug|Any CPU = Debug|Any CPU
		Release|Any CPU = Release|Any CPU
	EndGlobalSection
	GlobalSection(ProjectConfigurationPlatforms) = postSolution
		{AEFCF675-B880-43F4-B25D-5260D8290CF8}.Debug|Any CPU.ActiveCfg = Debug|Any CPU
		{AEFCF675-B880-43F4-B25D-5260D8290CF8}.Debug|Any CPU.Build.0 = Debug|Any CPU
		{AEFCF675-B880-43F4-B25D-5260D8290CF8}.Release|Any CPU.ActiveCfg = Release|Any CPU
		{AEFCF675-B880-43F4-B25D-5260D8290CF8}.Release|Any CPU.Build.0 = Release|Any CPU
	EndGlobalSection
	GlobalSection(SolutionProperties) = preSolution
		HideSolutionNode = FALSE
	EndGlobalSection
	GlobalSection(ExtensibilityGlobals) = postSolution
		SolutionGuid = {219BED8E-2D4A-403D-9333-0D41CD267AEB}
	EndGlobalSection
EndGlobal
